<?xml version="1.0" encoding="utf-8"?>
<Project ToolsVersion="4.0" xmlns="http://schemas.microsoft.com/developer/msbuild/2003">
  <ItemGroup>
    <ClCompile Include="..\..\Box2D\Dynamics\Joints\b2DistanceJoint.cpp">
      <Filter>Dynamics\Joints</Filter>
    </ClCompile>
    <ClCompile Include="..\..\Box2D\Dynamics\Joints\b2FrictionJoint.cpp">
      <Filter>Dynamics\Joints</Filter>
    </ClCompile>
    <ClCompile Include="..\..\Box2D\Dynamics\Joints\b2GearJoint.cpp">
      <Filter>Dynamics\Joints</Filter>
    </ClCompile>
    <ClCompile Include="..\..\Box2D\Dynamics\Joints\b2Joint.cpp">
      <Filter>Dynamics\Joints</Filter>
    </ClCompile>
    <ClCompile Include="..\..\Box2D\Dynamics\Joints\b2LineJoint.cpp">
      <Filter>Dynamics\Joints</Filter>
    </ClCompile>
    <ClCompile Include="..\..\Box2D\Dynamics\Joints\b2MouseJoint.cpp">
      <Filter>Dynamics\Joints</Filter>
    </ClCompile>
    <ClCompile Include="..\..\Box2D\Dynamics\Joints\b2PrismaticJoint.cpp">
      <Filter>Dynamics\Joints</Filter>
    </ClCompile>
    <ClCompile Include="..\..\Box2D\Dynamics\Joints\b2PulleyJoint.cpp">
      <Filter>Dynamics\Joints</Filter>
    </ClCompile>
    <ClCompile Include="..\..\Box2D\Dynamics\Joints\b2RevoluteJoint.cpp">
      <Filter>Dynamics\Joints</Filter>
    </ClCompile>
    <ClCompile Include="..\..\Box2D\Dynamics\Joints\b2WeldJoint.cpp">
      <Filter>Dynamics\Joints</Filter>
    </ClCompile>
    <ClCompile Include="..\..\Box2D\Dynamics\Contacts\b2CircleContact.cpp">
      <Filter>Dynamics\Contacts</Filter>
    </ClCompile>
    <ClCompile Include="..\..\Box2D\Dynamics\Contacts\b2Contact.cpp">
      <Filter>Dynamics\Contacts</Filter>
    </ClCompile>
    <ClCompile Include="..\..\Box2D\Dynamics\Contacts\b2ContactSolver.cpp">
      <Filter>Dynamics\Contacts</Filter>
    </ClCompile>
    <ClCompile Include="..\..\Box2D\Dynamics\Contacts\b2PolygonAndCircleContact.cpp">
      <Filter>Dynamics\Contacts</Filter>
    </ClCompile>
    <ClCompile Include="..\..\Box2D\Dynamics\Contacts\b2PolygonContact.cpp">
      <Filter>Dynamics\Contacts</Filter>
    </ClCompile>
    <ClCompile Include="..\..\Box2D\Dynamics\Contacts\b2TOISolver.cpp">
      <Filter>Dynamics\Contacts</Filter>
    </ClCompile>
    <ClCompile Include="..\..\Box2D\Dynamics\b2Body.cpp">
      <Filter>Dynamics</Filter>
    </ClCompile>
    <ClCompile Include="..\..\Box2D\Dynamics\b2ContactManager.cpp">
      <Filter>Dynamics</Filter>
    </ClCompile>
    <ClCompile Include="..\..\Box2D\Dynamics\b2Fixture.cpp">
      <Filter>Dynamics</Filter>
    </ClCompile>
    <ClCompile Include="..\..\Box2D\Dynamics\b2Island.cpp">
      <Filter>Dynamics</Filter>
    </ClCompile>
    <ClCompile Include="..\..\Box2D\Dynamics\b2World.cpp">
      <Filter>Dynamics</Filter>
    </ClCompile>
    <ClCompile Include="..\..\Box2D\Dynamics\b2WorldCallbacks.cpp">
      <Filter>Dynamics</Filter>
    </ClCompile>
    <ClCompile Include="..\..\Box2D\Common\b2BlockAllocator.cpp">
      <Filter>Common</Filter>
    </ClCompile>
    <ClCompile Include="..\..\Box2D\Common\b2Math.cpp">
      <Filter>Common</Filter>
    </ClCompile>
    <ClCompile Include="..\..\Box2D\Common\b2Settings.cpp">
      <Filter>Common</Filter>
    </ClCompile>
    <ClCompile Include="..\..\Box2D\Common\b2StackAllocator.cpp">
      <Filter>Common</Filter>
    </ClCompile>
    <ClCompile Include="..\..\Box2D\Collision\Shapes\b2CircleShape.cpp">
      <Filter>Collision\Shapes</Filter>
    </ClCompile>
    <ClCompile Include="..\..\Box2D\Collision\Shapes\b2PolygonShape.cpp">
      <Filter>Collision\Shapes</Filter>
    </ClCompile>
    <ClCompile Include="..\..\Box2D\Collision\b2BroadPhase.cpp">
      <Filter>Collision</Filter>
    </ClCompile>
    <ClCompile Include="..\..\Box2D\Collision\b2CollideCircle.cpp">
      <Filter>Collision</Filter>
    </ClCompile>
    <ClCompile Include="..\..\Box2D\Collision\b2CollidePolygon.cpp">
      <Filter>Collision</Filter>
    </ClCompile>
    <ClCompile Include="..\..\Box2D\Collision\b2Collision.cpp">
      <Filter>Collision</Filter>
    </ClCompile>
    <ClCompile Include="..\..\Box2D\Collision\b2Distance.cpp">
      <Filter>Collision</Filter>
    </ClCompile>
    <ClCompile Include="..\..\Box2D\Collision\b2DynamicTree.cpp">
      <Filter>Collision</Filter>
    </ClCompile>
    <ClCompile Include="..\..\Box2D\Collision\b2TimeOfImpact.cpp">
      <Filter>Collision</Filter>
    </ClCompile>
  </ItemGroup>
  <ItemGroup>
    <ClInclude Include="..\..\Box2D\Box2D.h">
      <Filter>Include</Filter>
    </ClInclude>
    <ClInclude Include="..\..\Box2D\Dynamics\Joints\b2DistanceJoint.h">
      <Filter>Dynamics\Joints</Filter>
    </ClInclude>
    <ClInclude Include="..\..\Box2D\Dynamics\Joints\b2FrictionJoint.h">
      <Filter>Dynamics\Joints</Filter>
    </ClInclude>
    <ClInclude Include="..\..\Box2D\Dynamics\Joints\b2GearJoint.h">
      <Filter>Dynamics\Joints</Filter>
    </ClInclude>
    <ClInclude Include="..\..\Box2D\Dynamics\Joints\b2Joint.h">
      <Filter>Dynamics\Joints</Filter>
    </ClInclude>
    <ClInclude Include="..\..\Box2D\Dynamics\Joints\b2LineJoint.h">
      <Filter>Dynamics\Joints</Filter>
    </ClInclude>
    <ClInclude Include="..\..\Box2D\Dynamics\Joints\b2MouseJoint.h">
      <Filter>Dynamics\Joints</Filter>
    </ClInclude>
    <ClInclude Include="..\..\Box2D\Dynamics\Joints\b2PrismaticJoint.h">
      <Filter>Dynamics\Joints</Filter>
    </ClInclude>
    <ClInclude Include="..\..\Box2D\Dynamics\Joints\b2PulleyJoint.h">
      <Filter>Dynamics\Joints</Filter>
    </ClInclude>
    <ClInclude Include="..\..\Box2D\Dynamics\Joints\b2RevoluteJoint.h">
      <Filter>Dynamics\Joints</Filter>
    </ClInclude>
    <ClInclude Include="..\..\Box2D\Dynamics\Joints\b2WeldJoint.h">
      <Filter>Dynamics\Joints</Filter>
    </ClInclude>
    <ClInclude Include="..\..\Box2D\Dynamics\Contacts\b2CircleContact.h">
      <Filter>Dynamics\Contacts</Filter>
    </ClInclude>
    <ClInclude Include="..\..\Box2D\Dynamics\Contacts\b2Contact.h">
      <Filter>Dynamics\Contacts</Filter>
    </ClInclude>
    <ClInclude Include="..\..\Box2D\Dynamics\Contacts\b2ContactSolver.h">
      <Filter>Dynamics\Contacts</Filter>
    </ClInclude>
    <ClInclude Include="..\..\Box2D\Dynamics\Contacts\b2PolygonAndCircleContact.h">
      <Filter>Dynamics\Contacts</Filter>
    </ClInclude>
    <ClInclude Include="..\..\Box2D\Dynamics\Contacts\b2PolygonContact.h">
      <Filter>Dynamics\Contacts</Filter>
    </ClInclude>
    <ClInclude Include="..\..\Box2D\Dynamics\Contacts\b2TOISolver.h">
      <Filter>Dynamics\Contacts</Filter>
    </ClInclude>
    <ClInclude Include="..\..\Box2D\Dynamics\b2Body.h">
      <Filter>Dynamics</Filter>
    </ClInclude>
    <ClInclude Include="..\..\Box2D\Dynamics\b2ContactManager.h">
      <Filter>Dynamics</Filter>
    </ClInclude>
    <ClInclude Include="..\..\Box2D\Dynamics\b2Fixture.h">
      <Filter>Dynamics</Filter>
    </ClInclude>
    <ClInclude Include="..\..\Box2D\Dynamics\b2Island.h">
      <Filter>Dynamics</Filter>
    </ClInclude>
    <ClInclude Include="..\..\Box2D\Dynamics\b2TimeStep.h">
      <Filter>Dynamics</Filter>
    </ClInclude>
    <ClInclude Include="..\..\Box2D\Dynamics\b2World.h">
      <Filter>Dynamics</Filter>
    </ClInclude>
    <ClInclude Include="..\..\Box2D\Dynamics\b2WorldCallbacks.h">
      <Filter>Dynamics</Filter>
    </ClInclude>
    <ClInclude Include="..\..\Box2D\Common\b2BlockAllocator.h">
      <Filter>Common</Filter>
    </ClInclude>
    <ClInclude Include="..\..\Box2D\Common\b2Math.h">
      <Filter>Common</Filter>
    </ClInclude>
    <ClInclude Include="..\..\Box2D\Common\b2Settings.h">
      <Filter>Common</Filter>
    </ClInclude>
    <ClInclude Include="..\..\Box2D\Common\b2StackAllocator.h">
      <Filter>Common</Filter>
    </ClInclude>
    <ClInclude Include="..\..\Box2D\Collision\Shapes\b2CircleShape.h">
      <Filter>Collision\Shapes</Filter>
    </ClInclude>
    <ClInclude Include="..\..\Box2D\Collision\Shapes\b2PolygonShape.h">
      <Filter>Collision\Shapes</Filter>
    </ClInclude>
    <ClInclude Include="..\..\Box2D\Collision\Shapes\b2Shape.h">
      <Filter>Collision\Shapes</Filter>
    </ClInclude>
    <ClInclude Include="..\..\Box2D\Collision\b2BroadPhase.h">
      <Filter>Collision</Filter>
    </ClInclude>
    <ClInclude Include="..\..\Box2D\Collision\b2Collision.h">
      <Filter>Collision</Filter>
    </ClInclude>
    <ClInclude Include="..\..\Box2D\Collision\b2Distance.h">
      <Filter>Collision</Filter>
    </ClInclude>
    <ClInclude Include="..\..\Box2D\Collision\b2DynamicTree.h">
      <Filter>Collision</Filter>
    </ClInclude>
    <ClInclude Include="..\..\Box2D\Collision\b2TimeOfImpact.h">
      <Filter>Collision</Filter>
    </ClInclude>
  </ItemGroup>
  <ItemGroup>
  </ItemGroup>
  <ItemGroup>
    <CustomBuild Include="..\..\Box2D\CMakeLists.txt" />
  </ItemGroup>
  <ItemGroup>
    <Filter Include="Collision\Shapes">
      <UniqueIdentifier>{CC3A8930-8805-4A6C-A1A4-8FD058A6BEE5}</UniqueIdentifier>
    </Filter>
    <Filter Include="Collision">
      <UniqueIdentifier>{A6216F18-C3A8-4D9D-B447-05998C5F60C3}</UniqueIdentifier>
    </Filter>
    <Filter Include="Common">
      <UniqueIdentifier>{30D4E0B7-44A8-462F-8605-CDF6A0EA2B1A}</UniqueIdentifier>
    </Filter>
    <Filter Include="Dynamics">
      <UniqueIdentifier>{3F4D935F-A7D8-4EF6-8759-BED1BEAB57AB}</UniqueIdentifier>
    </Filter>
    <Filter Include="Include">
      <UniqueIdentifier>{013CF96C-759B-4169-89B8-4E596430773A}</UniqueIdentifier>
    </Filter>
    <Filter Include="Dynamics\Contacts">
      <UniqueIdentifier>{6CB364DE-1C1C-46F7-A4EC-11E8B4B76672}</UniqueIdentifier>
    </Filter>
    <Filter Include="Dynamics\Joints">
      <UniqueIdentifier>{8A8ADE85-D9C4-43F2-944B-7C0EDB346EB2}</UniqueIdentifier>
    </Filter>
  </ItemGroup>
  <ItemGroup>
    <None Include="..\..\Box2D\Dynamics\Joints\b2DistanceJoint.cpp">
      <Filter>Dynamics\Joints</Filter>
    </None>
    <None Include="..\..\Box2D\Dynamics\Joints\b2FrictionJoint.cpp">
      <Filter>Dynamics\Joints</Filter>
    </None>
    <None Include="..\..\Box2D\Dynamics\Joints\b2GearJoint.cpp">
      <Filter>Dynamics\Joints</Filter>
    </None>
    <None Include="..\..\Box2D\Dynamics\Joints\b2Joint.cpp">
      <Filter>Dynamics\Joints</Filter>
    </None>
    <None Include="..\..\Box2D\Dynamics\Joints\b2LineJoint.cpp">
      <Filter>Dynamics\Joints</Filter>
    </None>
    <None Include="..\..\Box2D\Dynamics\Joints\b2MouseJoint.cpp">
      <Filter>Dynamics\Joints</Filter>
    </None>
    <None Include="..\..\Box2D\Dynamics\Joints\b2PrismaticJoint.cpp">
      <Filter>Dynamics\Joints</Filter>
    </None>
    <None Include="..\..\Box2D\Dynamics\Joints\b2PulleyJoint.cpp">
      <Filter>Dynamics\Joints</Filter>
    </None>
    <None Include="..\..\Box2D\Dynamics\Joints\b2RevoluteJoint.cpp">
      <Filter>Dynamics\Joints</Filter>
    </None>
    <None Include="..\..\Box2D\Dynamics\Joints\b2WeldJoint.cpp">
      <Filter>Dynamics\Joints</Filter>
    </None>
    <None Include="..\..\Box2D\Dynamics\Contacts\b2CircleContact.cpp">
      <Filter>Dynamics\Contacts</Filter>
    </None>
    <None Include="..\..\Box2D\Dynamics\Contacts\b2Contact.cpp">
      <Filter>Dynamics\Contacts</Filter>
    </None>
    <None Include="..\..\Box2D\Dynamics\Contacts\b2ContactSolver.cpp">
      <Filter>Dynamics\Contacts</Filter>
    </None>
    <None Include="..\..\Box2D\Dynamics\Contacts\b2PolygonAndCircleContact.cpp">
      <Filter>Dynamics\Contacts</Filter>
    </None>
    <None Include="..\..\Box2D\Dynamics\Contacts\b2PolygonContact.cpp">
      <Filter>Dynamics\Contacts</Filter>
    </None>
    <None Include="..\..\Box2D\Dynamics\Contacts\b2TOISolver.cpp">
      <Filter>Dynamics\Contacts</Filter>
    </None>
    <None Include="..\..\Box2D\Dynamics\b2Body.cpp">
      <Filter>Dynamics</Filter>
    </None>
    <None Include="..\..\Box2D\Dynamics\b2ContactManager.cpp">
      <Filter>Dynamics</Filter>
    </None>
    <None Include="..\..\Box2D\Dynamics\b2Fixture.cpp">
      <Filter>Dynamics</Filter>
    </None>
    <None Include="..\..\Box2D\Dynamics\b2Island.cpp">
      <Filter>Dynamics</Filter>
    </None>
    <None Include="..\..\Box2D\Dynamics\b2World.cpp">
      <Filter>Dynamics</Filter>
    </None>
    <None Include="..\..\Box2D\Dynamics\b2WorldCallbacks.cpp">
      <Filter>Dynamics</Filter>
    </None>
    <None Include="..\..\Box2D\Common\b2BlockAllocator.cpp">
      <Filter>Common</Filter>
    </None>
    <None Include="..\..\Box2D\Common\b2Math.cpp">
      <Filter>Common</Filter>
    </None>
    <None Include="..\..\Box2D\Common\b2Settings.cpp">
      <Filter>Common</Filter>
    </None>
    <None Include="..\..\Box2D\Common\b2StackAllocator.cpp">
      <Filter>Common</Filter>
    </None>
    <None Include="..\..\Box2D\Collision\Shapes\b2CircleShape.cpp">
      <Filter>Collision\Shapes</Filter>
    </None>
    <None Include="..\..\Box2D\Collision\Shapes\b2PolygonShape.cpp">
      <Filter>Collision\Shapes</Filter>
    </None>
    <None Include="..\..\Box2D\Collision\b2BroadPhase.cpp">
      <Filter>Collision</Filter>
    </None>
    <None Include="..\..\Box2D\Collision\b2CollideCircle.cpp">
      <Filter>Collision</Filter>
    </None>
    <None Include="..\..\Box2D\Collision\b2CollidePolygon.cpp">
      <Filter>Collision</Filter>
    </None>
    <None Include="..\..\Box2D\Collision\b2Collision.cpp">
      <Filter>Collision</Filter>
    </None>
    <None Include="..\..\Box2D\Collision\b2Distance.cpp">
      <Filter>Collision</Filter>
    </None>
    <None Include="..\..\Box2D\Collision\b2DynamicTree.cpp">
      <Filter>Collision</Filter>
    </None>
    <None Include="..\..\Box2D\Collision\b2TimeOfImpact.cpp">
      <Filter>Collision</Filter>
    </None>
  </ItemGroup>
</Project>
